
Microsoft Visual Studio Solution File, Format Version 12.00
# Visual Studio Version 17
VisualStudioVersion = 17.3.32922.545
MinimumVisualStudioVersion = 10.0.40219.1
Project("{FAE04EC0-301F-11D3-BF4B-00C04F79EFBC}") = "Dobos_Stefania_Lab2", "Dobos_Stefania_Lab2.csproj", "{5AF8035E-502F-4FBA-B1C0-1CE71A767978}"
EndProject
Global
	GlobalSection(SolutionConfigurationPlatforms) = preSolution
		Debug|Any CPU = Debug|Any CPU
		Release|Any CPU = Release|Any CPU
	EndGlobalSection
	GlobalSection(ProjectConfigurationPlatforms) = postSolution
		{5AF8035E-502F-4FBA-B1C0-1CE71A767978}.Debug|Any CPU.ActiveCfg = Debug|Any CPU
		{5AF8035E-502F-4FBA-B1C0-1CE71A767978}.Debug|Any CPU.Build.0 = Debug|Any CPU
		{5AF8035E-502F-4FBA-B1C0-1CE71A767978}.Release|Any CPU.ActiveCfg = Release|Any CPU
		{5AF8035E-502F-4FBA-B1C0-1CE71A767978}.Release|Any CPU.Build.0 = Release|Any CPU
	EndGlobalSection
	GlobalSection(SolutionProperties) = preSolution
		HideSolutionNode = FALSE
	EndGlobalSection
	GlobalSection(ExtensibilityGlobals) = postSolution
		SolutionGuid = {8508426C-B441-4D9E-8175-0A2B5D5CE701}
	EndGlobalSection
EndGlobal
